// !$*UTF8*$!
{
	archiveVersion = 1;
	classes = {
	};
	objectVersion = 77;
	objects = {

/* Begin PBXBuildFile section */
		C27E5E392E16AFDE002A50C3 /* ER図.md in Resources */ = {isa = PBXBuildFile; fileRef = C27E5E362E16AFDE002A50C3 /* ER図.md */; };
		C27E5E3A2E16AFDE002A50C3 /* アーキテクチャ.md in Resources */ = {isa = PBXBuildFile; fileRef = C27E5E372E16AFDE002A50C3 /* アーキテクチャ.md */; };
		C27E5E3B2E16AFDE002A50C3 /* コーディング規約.md in Resources */ = {isa = PBXBuildFile; fileRef = C27E5E382E16AFDE002A50C3 /* コーディング規約.md */; };
		C29EDEDC2E14137F008684E4 /* 要件定義書.md in Resources */ = {isa = PBXBuildFile; fileRef = C29EDEDA2E14137F008684E4 /* 要件定義書.md */; };
		C29EDEDD2E14137F008684E4 /* CLAUDE.md in Resources */ = {isa = PBXBuildFile; fileRef = C29EDED92E14137F008684E4 /* CLAUDE.md */; };
/* End PBXBuildFile section */

/* Begin PBXContainerItemProxy section */
		C29EDEBB2E13D65E008684E4 /* PBXContainerItemProxy */ = {
			isa = PBXContainerItemProxy;
			containerPortal = C29EDEA12E13D65C008684E4 /* Project object */;
			proxyType = 1;
			remoteGlobalIDString = C29EDEA82E13D65C008684E4;
			remoteInfo = PromptVault;
		};
		C29EDEC52E13D65E008684E4 /* PBXContainerItemProxy */ = {
			isa = PBXContainerItemProxy;
			containerPortal = C29EDEA12E13D65C008684E4 /* Project object */;
			proxyType = 1;
			remoteGlobalIDString = C29EDEA82E13D65C008684E4;
			remoteInfo = PromptVault;
		};
/* End PBXContainerItemProxy section */

/* Begin PBXFileReference section */
		C27E5E362E16AFDE002A50C3 /* ER図.md */ = {isa = PBXFileReference; lastKnownFileType = net.daringfireball.markdown; path = "ER図.md"; sourceTree = "<group>"; };
		C27E5E372E16AFDE002A50C3 /* アーキテクチャ.md */ = {isa = PBXFileReference; lastKnownFileType = net.daringfireball.markdown; path = "アーキテクチャ.md"; sourceTree = "<group>"; };
		C27E5E382E16AFDE002A50C3 /* コーディング規約.md */ = {isa = PBXFileReference; lastKnownFileType = net.daringfireball.markdown; path = "コーディング規約.md"; sourceTree = "<group>"; };
		C29EDED92E14137F008684E4 /* CLAUDE.md */ = {isa = PBXFileReference; lastKnownFileType = net.daringfireball.markdown; path = CLAUDE.md; sourceTree = "<group>"; };
		C29EDEDA2E14137F008684E4 /* 要件定義書.md */ = {isa = PBXFileReference; lastKnownFileType = net.daringfireball.markdown; path = "要件定義書.md"; sourceTree = "<group>"; };
		C29EDEDE2E14C305008684E4 /* PromptVault.app */ = {isa = PBXFileReference; explicitFileType = wrapper.application; includeInIndex = 0; path = PromptVault.app; sourceTree = BUILT_PRODUCTS_DIR; };
		C29EDEDF2E14C305008684E4 /* PromptVaultTests.xctest */ = {isa = PBXFileReference; explicitFileType = wrapper.cfbundle; includeInIndex = 0; path = PromptVaultTests.xctest; sourceTree = BUILT_PRODUCTS_DIR; };
		C29EDEE02E14C305008684E4 /* PromptVaultUITests.xctest */ = {isa = PBXFileReference; explicitFileType = wrapper.cfbundle; includeInIndex = 0; path = PromptVaultUITests.xctest; sourceTree = BUILT_PRODUCTS_DIR; };
/* End PBXFileReference section */

/* Begin PBXFileSystemSynchronizedRootGroup section */
		C29EDEAB2E13D65C008684E4 /* PromptVault */ = {
			isa = PBXFileSystemSynchronizedRootGroup;
			path = PromptVault;
			sourceTree = "<group>";
		};
		C29EDEBD2E13D65E008684E4 /* PromptVaultTests */ = {
			isa = PBXFileSystemSynchronizedRootGroup;
			path = PromptVaultTests;
			sourceTree = "<group>";
		};
		C29EDEC72E13D65E008684E4 /* PromptVaultUITests */ = {
			isa = PBXFileSystemSynchronizedRootGroup;
			path = PromptVaultUITests;
			sourceTree = "<group>";
		};
/* End PBXFileSystemSynchronizedRootGroup section */

/* Begin PBXFrameworksBuildPhase section */
		C29EDEA62E13D65C008684E4 /* Frameworks */ = {
			isa = PBXFrameworksBuildPhase;
			buildActionMask = 2147483647;
			files = (
			);
			runOnlyForDeploymentPostprocessing = 0;
		};
		C29EDEB72E13D65E008684E4 /* Frameworks */ = {
			isa = PBXFrameworksBuildPhase;
			buildActionMask = 2147483647;
			files = (
			);
			runOnlyForDeploymentPostprocessing = 0;
		};
		C29EDEC12E13D65E008684E4 /* Frameworks */ = {
			isa = PBXFrameworksBuildPhase;
			buildActionMask = 2147483647;
			files = (
			);
			runOnlyForDeploymentPostprocessing = 0;
		};
/* End PBXFrameworksBuildPhase section */

/* Begin PBXGroup section */
		C29EDEA02E13D65C008684E4 = {
			isa = PBXGroup;
			children = (
				C29EDED92E14137F008684E4 /* CLAUDE.md */,
				C29EDEDB2E14137F008684E4 /* Docs */,
				C29EDEAB2E13D65C008684E4 /* PromptVault */,
				C29EDEBD2E13D65E008684E4 /* PromptVaultTests */,
				C29EDEC72E13D65E008684E4 /* PromptVaultUITests */,
				C29EDEDE2E14C305008684E4 /* PromptVault.app */,
				C29EDEDF2E14C305008684E4 /* PromptVaultTests.xctest */,
				C29EDEE02E14C305008684E4 /* PromptVaultUITests.xctest */,
			);
			sourceTree = "<group>";
		};
		C29EDEDB2E14137F008684E4 /* Docs */ = {
			isa = PBXGroup;
			children = (
				C27E5E362E16AFDE002A50C3 /* ER図.md */,
				C27E5E372E16AFDE002A50C3 /* アーキテクチャ.md */,
				C27E5E382E16AFDE002A50C3 /* コーディング規約.md */,
				C29EDEDA2E14137F008684E4 /* 要件定義書.md */,
			);
			path = Docs;
			sourceTree = "<group>";
		};
/* End PBXGroup section */

/* Begin PBXNativeTarget section */
		C29EDEA82E13D65C008684E4 /* PromptVault */ = {
			isa = PBXNativeTarget;
			buildConfigurationList = C29EDECE2E13D65E008684E4 /* Build configuration list for PBXNativeTarget "PromptVault" */;
			buildPhases = (
				C29EDEA52E13D65C008684E4 /* Sources */,
				C29EDEA62E13D65C008684E4 /* Frameworks */,
				C29EDEA72E13D65C008684E4 /* Resources */,
			);
			buildRules = (
			);
			dependencies = (
			);
			fileSystemSynchronizedGroups = (
				C29EDEAB2E13D65C008684E4 /* PromptVault */,
			);
			name = PromptVault;
			packageProductDependencies = (
			);
			productName = PromptVault;
			productReference = C29EDEDE2E14C305008684E4 /* PromptVault.app */;
			productType = "com.apple.product-type.application";
		};
		C29EDEB92E13D65E008684E4 /* PromptVaultTests */ = {
			isa = PBXNativeTarget;
			buildConfigurationList = C29EDED12E13D65E008684E4 /* Build configuration list for PBXNativeTarget "PromptVaultTests" */;
			buildPhases = (
				C29EDEB62E13D65E008684E4 /* Sources */,
				C29EDEB72E13D65E008684E4 /* Frameworks */,
				C29EDEB82E13D65E008684E4 /* Resources */,
			);
			buildRules = (
			);
			dependencies = (
				C29EDEBC2E13D65E008684E4 /* PBXTargetDependency */,
			);
			fileSystemSynchronizedGroups = (
				C29EDEBD2E13D65E008684E4 /* PromptVaultTests */,
			);
			name = PromptVaultTests;
			packageProductDependencies = (
			);
			productName = PromptVaultTests;
			productReference = C29EDEDF2E14C305008684E4 /* PromptVaultTests.xctest */;
			productType = "com.apple.product-type.bundle.unit-test";
		};
		C29EDEC32E13D65E008684E4 /* PromptVaultUITests */ = {
			isa = PBXNativeTarget;
			buildConfigurationList = C29EDED42E13D65E008684E4 /* Build configuration list for PBXNativeTarget "PromptVaultUITests" */;
			buildPhases = (
				C29EDEC02E13D65E008684E4 /* Sources */,
				C29EDEC12E13D65E008684E4 /* Frameworks */,
				C29EDEC22E13D65E008684E4 /* Resources */,
			);
			buildRules = (
			);
			dependencies = (
				C29EDEC62E13D65E008684E4 /* PBXTargetDependency */,
			);
			fileSystemSynchronizedGroups = (
				C29EDEC72E13D65E008684E4 /* PromptVaultUITests */,
			);
			name = PromptVaultUITests;
			packageProductDependencies = (
			);
			productName = PromptVaultUITests;
			productReference = C29EDEE02E14C305008684E4 /* PromptVaultUITests.xctest */;
			productType = "com.apple.product-type.bundle.ui-testing";
		};
/* End PBXNativeTarget section */

/* Begin PBXProject section */
		C29EDEA12E13D65C008684E4 /* Project object */ = {
			isa = PBXProject;
			attributes = {
				BuildIndependentTargetsInParallel = 1;
				LastSwiftUpdateCheck = 1620;
				LastUpgradeCheck = 1620;
				TargetAttributes = {
					C29EDEA82E13D65C008684E4 = {
						CreatedOnToolsVersion = 16.2;
					};
					C29EDEB92E13D65E008684E4 = {
						CreatedOnToolsVersion = 16.2;
						TestTargetID = C29EDEA82E13D65C008684E4;
					};
					C29EDEC32E13D65E008684E4 = {
						CreatedOnToolsVersion = 16.2;
						TestTargetID = C29EDEA82E13D65C008684E4;
					};
				};
			};
			buildConfigurationList = C29EDEA42E13D65C008684E4 /* Build configuration list for PBXProject "PromptVault" */;
			developmentRegion = en;
			hasScannedForEncodings = 0;
			knownRegions = (
				en,
				Base,
			);
			mainGroup = C29EDEA02E13D65C008684E4;
			minimizedProjectReferenceProxies = 1;
			packageReferences = (
			);
			preferredProjectObjectVersion = 77;
			productRefGroup = C29EDEA02E13D65C008684E4;
			projectDirPath = "";
			projectRoot = "";
			targets = (
				C29EDEA82E13D65C008684E4 /* PromptVault */,
				C29EDEB92E13D65E008684E4 /* PromptVaultTests */,
				C29EDEC32E13D65E008684E4 /* PromptVaultUITests */,
			);
		};
/* End PBXProject section */

/* Begin PBXResourcesBuildPhase section */
		C29EDEA72E13D65C008684E4 /* Resources */ = {
			isa = PBXResourcesBuildPhase;
			buildActionMask = 2147483647;
			files = (
				C27E5E392E16AFDE002A50C3 /* ER図.md in Resources */,
				C27E5E3A2E16AFDE002A50C3 /* アーキテクチャ.md in Resources */,
				C27E5E3B2E16AFDE002A50C3 /* コーディング規約.md in Resources */,
				C29EDEDC2E14137F008684E4 /* 要件定義書.md in Resources */,
				C29EDEDD2E14137F008684E4 /* CLAUDE.md in Resources */,
			);
			runOnlyForDeploymentPostprocessing = 0;
		};
		C29EDEB82E13D65E008684E4 /* Resources */ = {
			isa = PBXResourcesBuildPhase;
			buildActionMask = 2147483647;
			files = (
			);
			runOnlyForDeploymentPostprocessing = 0;
		};
		C29EDEC22E13D65E008684E4 /* Resources */ = {
			isa = PBXResourcesBuildPhase;
			buildActionMask = 2147483647;
			files = (
			);
			runOnlyForDeploymentPostprocessing = 0;
		};
/* End PBXResourcesBuildPhase section */

/* Begin PBXSourcesBuildPhase section */
		C29EDEA52E13D65C008684E4 /* Sources */ = {
			isa = PBXSourcesBuildPhase;
			buildActionMask = 2147483647;
			files = (
			);
			runOnlyForDeploymentPostprocessing = 0;
		};
		C29EDEB62E13D65E008684E4 /* Sources */ = {
			isa = PBXSourcesBuildPhase;
			buildActionMask = 2147483647;
			files = (
			);
			runOnlyForDeploymentPostprocessing = 0;
		};
		C29EDEC02E13D65E008684E4 /* Sources */ = {
			isa = PBXSourcesBuildPhase;
			buildActionMask = 2147483647;
			files = (
			);
			runOnlyForDeploymentPostprocessing = 0;
		};
/* End PBXSourcesBuildPhase section */

/* Begin PBXTargetDependency section */
		C29EDEBC2E13D65E008684E4 /* PBXTargetDependency */ = {
			isa = PBXTargetDependency;
			target = C29EDEA82E13D65C008684E4 /* PromptVault */;
			targetProxy = C29EDEBB2E13D65E008684E4 /* PBXContainerItemProxy */;
		};
		C29EDEC62E13D65E008684E4 /* PBXTargetDependency */ = {
			isa = PBXTargetDependency;
			target = C29EDEA82E13D65C008684E4 /* PromptVault */;
			targetProxy = C29EDEC52E13D65E008684E4 /* PBXContainerItemProxy */;
		};
/* End PBXTargetDependency section */

/* Begin XCBuildConfiguration section */
		C29EDECC2E13D65E008684E4 /* Debug */ = {
			isa = XCBuildConfiguration;
			buildSettings = {
				ALWAYS_SEARCH_USER_PATHS = NO;
				ASSETCATALOG_COMPILER_GENERATE_SWIFT_ASSET_SYMBOL_EXTENSIONS = YES;
				CLANG_ANALYZER_NONNULL = YES;
				CLANG_ANALYZER_NUMBER_OBJECT_CONVERSION = YES_AGGRESSIVE;
				CLANG_CXX_LANGUAGE_STANDARD = "gnu++20";
				CLANG_ENABLE_MODULES = YES;
				CLANG_ENABLE_OBJC_ARC = YES;
				CLANG_ENABLE_OBJC_WEAK = YES;
				CLANG_WARN_BLOCK_CAPTURE_AUTORELEASING = YES;
				CLANG_WARN_BOOL_CONVERSION = YES;
				CLANG_WARN_COMMA = YES;
				CLANG_WARN_CONSTANT_CONVERSION = YES;
				CLANG_WARN_DEPRECATED_OBJC_IMPLEMENTATIONS = YES;
				CLANG_WARN_DIRECT_OBJC_ISA_USAGE = YES_ERROR;
				CLANG_WARN_DOCUMENTATION_COMMENTS = YES;
				CLANG_WARN_EMPTY_BODY = YES;
				CLANG_WARN_ENUM_CONVERSION = YES;
				CLANG_WARN_INFINITE_RECURSION = YES;
				CLANG_WARN_INT_CONVERSION = YES;
				CLANG_WARN_NON_LITERAL_NULL_CONVERSION = YES;
				CLANG_WARN_OBJC_IMPLICIT_RETAIN_SELF = YES;
				CLANG_WARN_OBJC_LITERAL_CONVERSION = YES;
				CLANG_WARN_OBJC_ROOT_CLASS = YES_ERROR;
				CLANG_WARN_QUOTED_INCLUDE_IN_FRAMEWORK_HEADER = YES;
				CLANG_WARN_RANGE_LOOP_ANALYSIS = YES;
				CLANG_WARN_STRICT_PROTOTYPES = YES;
				CLANG_WARN_SUSPICIOUS_MOVE = YES;
				CLANG_WARN_UNGUARDED_AVAILABILITY = YES_AGGRESSIVE;
				CLANG_WARN_UNREACHABLE_CODE = YES;
				CLANG_WARN__DUPLICATE_METHOD_MATCH = YES;
				COPY_PHASE_STRIP = NO;
				DEBUG_INFORMATION_FORMAT = dwarf;
				ENABLE_STRICT_OBJC_MSGSEND = YES;
				ENABLE_TESTABILITY = YES;
				ENABLE_USER_SCRIPT_SANDBOXING = YES;
				GCC_C_LANGUAGE_STANDARD = gnu17;
				GCC_DYNAMIC_NO_PIC = NO;
				GCC_NO_COMMON_BLOCKS = YES;
				GCC_OPTIMIZATION_LEVEL = 0;
				GCC_PREPROCESSOR_DEFINITIONS = (
					"DEBUG=1",
					"$(inherited)",
				);
				GCC_WARN_64_TO_32_BIT_CONVERSION = YES;
				GCC_WARN_ABOUT_RETURN_TYPE = YES_ERROR;
				GCC_WARN_UNDECLARED_SELECTOR = YES;
				GCC_WARN_UNINITIALIZED_AUTOS = YES_AGGRESSIVE;
				GCC_WARN_UNUSED_FUNCTION = YES;
				GCC_WARN_UNUSED_VARIABLE = YES;
				LOCALIZATION_PREFERS_STRING_CATALOGS = YES;
				MACOSX_DEPLOYMENT_TARGET = 14.6;
				MTL_ENABLE_DEBUG_INFO = INCLUDE_SOURCE;
				MTL_FAST_MATH = YES;
				ONLY_ACTIVE_ARCH = YES;
				SDKROOT = macosx;
				SWIFT_ACTIVE_COMPILATION_CONDITIONS = "DEBUG $(inherited)";
				SWIFT_OPTIMIZATION_LEVEL = "-Onone";
			};
			name = Debug;
		};
		C29EDECD2E13D65E008684E4 /* Release */ = {
			isa = XCBuildConfiguration;
			buildSettings = {
				ALWAYS_SEARCH_USER_PATHS = NO;
				ASSETCATALOG_COMPILER_GENERATE_SWIFT_ASSET_SYMBOL_EXTENSIONS = YES;
				CLANG_ANALYZER_NONNULL = YES;
				CLANG_ANALYZER_NUMBER_OBJECT_CONVERSION = YES_AGGRESSIVE;
				CLANG_CXX_LANGUAGE_STANDARD = "gnu++20";
				CLANG_ENABLE_MODULES = YES;
				CLANG_ENABLE_OBJC_ARC = YES;
				CLANG_ENABLE_OBJC_WEAK = YES;
				CLANG_WARN_BLOCK_CAPTURE_AUTORELEASING = YES;
				CLANG_WARN_BOOL_CONVERSION = YES;
				CLANG_WARN_COMMA = YES;
				CLANG_WARN_CONSTANT_CONVERSION = YES;
				CLANG_WARN_DEPRECATED_OBJC_IMPLEMENTATIONS = YES;
				CLANG_WARN_DIRECT_OBJC_ISA_USAGE = YES_ERROR;
				CLANG_WARN_DOCUMENTATION_COMMENTS = YES;
				CLANG_WARN_EMPTY_BODY = YES;
				CLANG_WARN_ENUM_CONVERSION = YES;
				CLANG_WARN_INFINITE_RECURSION = YES;
				CLANG_WARN_INT_CONVERSION = YES;
				CLANG_WARN_NON_LITERAL_NULL_CONVERSION = YES;
				CLANG_WARN_OBJC_IMPLICIT_RETAIN_SELF = YES;
				CLANG_WARN_OBJC_LITERAL_CONVERSION = YES;
				CLANG_WARN_OBJC_ROOT_CLASS = YES_ERROR;
				CLANG_WARN_QUOTED_INCLUDE_IN_FRAMEWORK_HEADER = YES;
				CLANG_WARN_RANGE_LOOP_ANALYSIS = YES;
				CLANG_WARN_STRICT_PROTOTYPES = YES;
				CLANG_WARN_SUSPICIOUS_MOVE = YES;
				CLANG_WARN_UNGUARDED_AVAILABILITY = YES_AGGRESSIVE;
				CLANG_WARN_UNREACHABLE_CODE = YES;
				CLANG_WARN__DUPLICATE_METHOD_MATCH = YES;
				COPY_PHASE_STRIP = NO;
				DEBUG_INFORMATION_FORMAT = "dwarf-with-dsym";
				ENABLE_NS_ASSERTIONS = NO;
				ENABLE_STRICT_OBJC_MSGSEND = YES;
				ENABLE_USER_SCRIPT_SANDBOXING = YES;
				GCC_C_LANGUAGE_STANDARD = gnu17;
				GCC_NO_COMMON_BLOCKS = YES;
				GCC_WARN_64_TO_32_BIT_CONVERSION = YES;
				GCC_WARN_ABOUT_RETURN_TYPE = YES_ERROR;
				GCC_WARN_UNDECLARED_SELECTOR = YES;
				GCC_WARN_UNINITIALIZED_AUTOS = YES_AGGRESSIVE;
				GCC_WARN_UNUSED_FUNCTION = YES;
				GCC_WARN_UNUSED_VARIABLE = YES;
				LOCALIZATION_PREFERS_STRING_CATALOGS = YES;
				MACOSX_DEPLOYMENT_TARGET = 14.6;
				MTL_ENABLE_DEBUG_INFO = NO;
				MTL_FAST_MATH = YES;
				SDKROOT = macosx;
				SWIFT_COMPILATION_MODE = wholemodule;
			};
			name = Release;
		};
		C29EDECF2E13D65E008684E4 /* Debug */ = {
			isa = XCBuildConfiguration;
			buildSettings = {
				ASSETCATALOG_COMPILER_APPICON_NAME = AppIcon;
				ASSETCATALOG_COMPILER_GLOBAL_ACCENT_COLOR_NAME = AccentColor;
				CODE_SIGN_ENTITLEMENTS = PromptVault/PromptVault.entitlements;
				CODE_SIGN_STYLE = Automatic;
				COMBINE_HIDPI_IMAGES = YES;
				CURRENT_PROJECT_VERSION = 1;
				DEVELOPMENT_ASSET_PATHS = "\"PromptVault/Preview Content\"";
				DEVELOPMENT_TEAM = LCBL4L4PQ6;
				ENABLE_HARDENED_RUNTIME = YES;
				ENABLE_PREVIEWS = YES;
				GENERATE_INFOPLIST_FILE = YES;
				INFOPLIST_KEY_NSHumanReadableCopyright = "";
				LD_RUNPATH_SEARCH_PATHS = (
					"$(inherited)",
					"@executable_path/../Frameworks",
				);
				MARKETING_VERSION = 1.0;
				PRODUCT_BUNDLE_IDENTIFIER = LeoTwins.PromptVault;
				PRODUCT_NAME = "$(TARGET_NAME)";
				SWIFT_EMIT_LOC_STRINGS = YES;
				SWIFT_VERSION = 5.0;
			};
			name = Debug;
		};
		C29EDED02E13D65E008684E4 /* Release */ = {
			isa = XCBuildConfiguration;
			buildSettings = {
				ASSETCATALOG_COMPILER_APPICON_NAME = AppIcon;
				ASSETCATALOG_COMPILER_GLOBAL_ACCENT_COLOR_NAME = AccentColor;
				CODE_SIGN_ENTITLEMENTS = PromptVault/PromptVault.entitlements;
				CODE_SIGN_STYLE = Automatic;
				COMBINE_HIDPI_IMAGES = YES;
				CURRENT_PROJECT_VERSION = 1;
				DEVELOPMENT_ASSET_PATHS = "\"PromptVault/Preview Content\"";
				DEVELOPMENT_TEAM = LCBL4L4PQ6;
				ENABLE_HARDENED_RUNTIME = YES;
				ENABLE_PREVIEWS = YES;
				GENERATE_INFOPLIST_FILE = YES;
				INFOPLIST_KEY_NSHumanReadableCopyright = "";
				LD_RUNPATH_SEARCH_PATHS = (
					"$(inherited)",
					"@executable_path/../Frameworks",
				);
				MARKETING_VERSION = 1.0;
				PRODUCT_BUNDLE_IDENTIFIER = LeoTwins.PromptVault;
				PRODUCT_NAME = "$(TARGET_NAME)";
				SWIFT_EMIT_LOC_STRINGS = YES;
				SWIFT_VERSION = 5.0;
			};
			name = Release;
		};
		C29EDED22E13D65E008684E4 /* Debug */ = {
			isa = XCBuildConfiguration;
			buildSettings = {
				BUNDLE_LOADER = "$(TEST_HOST)";
				CODE_SIGN_STYLE = Automatic;
				CURRENT_PROJECT_VERSION = 1;
				DEVELOPMENT_TEAM = LCBL4L4PQ6;
				GENERATE_INFOPLIST_FILE = YES;
				MACOSX_DEPLOYMENT_TARGET = 14.6;
				MARKETING_VERSION = 1.0;
				PRODUCT_BUNDLE_IDENTIFIER = LeoTwins.PromptVaultTests;
				PRODUCT_NAME = "$(TARGET_NAME)";
				SWIFT_EMIT_LOC_STRINGS = NO;
				SWIFT_VERSION = 5.0;
				TEST_HOST = "$(BUILT_PRODUCTS_DIR)/PromptVault.app/$(BUNDLE_EXECUTABLE_FOLDER_PATH)/PromptVault";
			};
			name = Debug;
		};
		C29EDED32E13D65E008684E4 /* Release */ = {
			isa = XCBuildConfiguration;
			buildSettings = {
				BUNDLE_LOADER = "$(TEST_HOST)";
				CODE_SIGN_STYLE = Automatic;
				CURRENT_PROJECT_VERSION = 1;
				DEVELOPMENT_TEAM = LCBL4L4PQ6;
				GENERATE_INFOPLIST_FILE = YES;
				MACOSX_DEPLOYMENT_TARGET = 14.6;
				MARKETING_VERSION = 1.0;
				PRODUCT_BUNDLE_IDENTIFIER = LeoTwins.PromptVaultTests;
				PRODUCT_NAME = "$(TARGET_NAME)";
				SWIFT_EMIT_LOC_STRINGS = NO;
				SWIFT_VERSION = 5.0;
				TEST_HOST = "$(BUILT_PRODUCTS_DIR)/PromptVault.app/$(BUNDLE_EXECUTABLE_FOLDER_PATH)/PromptVault";
			};
			name = Release;
		};
		C29EDED52E13D65E008684E4 /* Debug */ = {
			isa = XCBuildConfiguration;
			buildSettings = {
				CODE_SIGN_STYLE = Automatic;
				CURRENT_PROJECT_VERSION = 1;
				DEVELOPMENT_TEAM = LCBL4L4PQ6;
				GENERATE_INFOPLIST_FILE = YES;
				MARKETING_VERSION = 1.0;
				PRODUCT_BUNDLE_IDENTIFIER = LeoTwins.PromptVaultUITests;
				PRODUCT_NAME = "$(TARGET_NAME)";
				SWIFT_EMIT_LOC_STRINGS = NO;
				SWIFT_VERSION = 5.0;
				TEST_TARGET_NAME = PromptVault;
			};
			name = Debug;
		};
		C29EDED62E13D65E008684E4 /* Release */ = {
			isa = XCBuildConfiguration;
			buildSettings = {
				CODE_SIGN_STYLE = Automatic;
				CURRENT_PROJECT_VERSION = 1;
				DEVELOPMENT_TEAM = LCBL4L4PQ6;
				GENERATE_INFOPLIST_FILE = YES;
				MARKETING_VERSION = 1.0;
				PRODUCT_BUNDLE_IDENTIFIER = LeoTwins.PromptVaultUITests;
				PRODUCT_NAME = "$(TARGET_NAME)";
				SWIFT_EMIT_LOC_STRINGS = NO;
				SWIFT_VERSION = 5.0;
				TEST_TARGET_NAME = PromptVault;
			};
			name = Release;
		};
/* End XCBuildConfiguration section */

/* Begin XCConfigurationList section */
		C29EDEA42E13D65C008684E4 /* Build configuration list for PBXProject "PromptVault" */ = {
			isa = XCConfigurationList;
			buildConfigurations = (
				C29EDECC2E13D65E008684E4 /* Debug */,
				C29EDECD2E13D65E008684E4 /* Release */,
			);
			defaultConfigurationIsVisible = 0;
			defaultConfigurationName = Release;
		};
		C29EDECE2E13D65E008684E4 /* Build configuration list for PBXNativeTarget "PromptVault" */ = {
			isa = XCConfigurationList;
			buildConfigurations = (
				C29EDECF2E13D65E008684E4 /* Debug */,
				C29EDED02E13D65E008684E4 /* Release */,
			);
			defaultConfigurationIsVisible = 0;
			defaultConfigurationName = Release;
		};
		C29EDED12E13D65E008684E4 /* Build configuration list for PBXNativeTarget "PromptVaultTests" */ = {
			isa = XCConfigurationList;
			buildConfigurations = (
				C29EDED22E13D65E008684E4 /* Debug */,
				C29EDED32E13D65E008684E4 /* Release */,
			);
			defaultConfigurationIsVisible = 0;
			defaultConfigurationName = Release;
		};
		C29EDED42E13D65E008684E4 /* Build configuration list for PBXNativeTarget "PromptVaultUITests" */ = {
			isa = XCConfigurationList;
			buildConfigurations = (
				C29EDED52E13D65E008684E4 /* Debug */,
				C29EDED62E13D65E008684E4 /* Release */,
			);
			defaultConfigurationIsVisible = 0;
			defaultConfigurationName = Release;
		};
/* End XCConfigurationList section */
	};
	rootObject = C29EDEA12E13D65C008684E4 /* Project object */;
}
